
Microsoft Visual Studio Solution File, Format Version 12.00
# Visual Studio 14
VisualStudioVersion = 14.0.25420.1
MinimumVisualStudioVersion = 10.0.40219.1
Project("{FAE04EC0-301F-11D3-BF4B-00C04F79EFBC}") = "NHibernate01", "NHibernate01\NHibernate01.csproj", "{96039337-4FFD-446D-A19B-99CA6CFB7FA9}"
EndProject
Project("{FAE04EC0-301F-11D3-BF4B-00C04F79EFBC}") = "NHibernate01Tests", "NHibernate01Tests\NHibernate01Tests.csproj", "{05C60C88-D3FD-444E-BAA0-75D888E14F4D}"
EndProject
Global
	GlobalSection(SolutionConfigurationPlatforms) = preSolution
		Debug|Any CPU = Debug|Any CPU
		Release|Any CPU = Release|Any CPU
	EndGlobalSection
	GlobalSection(ProjectConfigurationPlatforms) = postSolution
		{96039337-4FFD-446D-A19B-99CA6CFB7FA9}.Debug|Any CPU.ActiveCfg = Debug|Any CPU
		{96039337-4FFD-446D-A19B-99CA6CFB7FA9}.Debug|Any CPU.Build.0 = Debug|Any CPU
		{96039337-4FFD-446D-A19B-99CA6CFB7FA9}.Release|Any CPU.ActiveCfg = Release|Any CPU
		{96039337-4FFD-446D-A19B-99CA6CFB7FA9}.Release|Any CPU.Build.0 = Release|Any CPU
		{05C60C88-D3FD-444E-BAA0-75D888E14F4D}.Debug|Any CPU.ActiveCfg = Debug|Any CPU
		{05C60C88-D3FD-444E-BAA0-75D888E14F4D}.Debug|Any CPU.Build.0 = Debug|Any CPU
		{05C60C88-D3FD-444E-BAA0-75D888E14F4D}.Release|Any CPU.ActiveCfg = Release|Any CPU
		{05C60C88-D3FD-444E-BAA0-75D888E14F4D}.Release|Any CPU.Build.0 = Release|Any CPU
	EndGlobalSection
	GlobalSection(SolutionProperties) = preSolution
		HideSolutionNode = FALSE
	EndGlobalSection
EndGlobal
